
Microsoft Visual Studio Solution File, Format Version 12.00
# Visual Studio Version 17
VisualStudioVersion = 17.13.35931.197
MinimumVisualStudioVersion = 10.0.40219.1
Project("{54A90642-561A-4BB1-A94E-469ADEE60C69}") = "TypeScriptAndGulp", "TypeScriptAndGulp.esproj", "{3B57A68F-9EC4-BEC6-55B6-0C9387F111EE}"
EndProject
Global
	GlobalSection(SolutionConfigurationPlatforms) = preSolution
		Debug|Any CPU = Debug|Any CPU
		Release|Any CPU = Release|Any CPU
	EndGlobalSection
	GlobalSection(ProjectConfigurationPlatforms) = postSolution
		{3B57A68F-9EC4-BEC6-55B6-0C9387F111EE}.Debug|Any CPU.ActiveCfg = Debug|Any CPU
		{3B57A68F-9EC4-BEC6-55B6-0C9387F111EE}.Debug|Any CPU.Build.0 = Debug|Any CPU
		{3B57A68F-9EC4-BEC6-55B6-0C9387F111EE}.Debug|Any CPU.Deploy.0 = Debug|Any CPU
		{3B57A68F-9EC4-BEC6-55B6-0C9387F111EE}.Release|Any CPU.ActiveCfg = Release|Any CPU
		{3B57A68F-9EC4-BEC6-55B6-0C9387F111EE}.Release|Any CPU.Build.0 = Release|Any CPU
		{3B57A68F-9EC4-BEC6-55B6-0C9387F111EE}.Release|Any CPU.Deploy.0 = Release|Any CPU
	EndGlobalSection
	GlobalSection(SolutionProperties) = preSolution
		HideSolutionNode = FALSE
	EndGlobalSection
	GlobalSection(ExtensibilityGlobals) = postSolution
		SolutionGuid = {BCEBBACA-A9B7-48FC-AFCF-2FEF55FBF33B}
	EndGlobalSection
EndGlobal
